
Microsoft Visual Studio Solution File, Format Version 12.00
# Visual Studio 15
VisualStudioVersion = 15.0.26430.6
MinimumVisualStudioVersion = 10.0.40219.1
Project("{FAE04EC0-301F-11D3-BF4B-00C04F79EFBC}") = "SharpNES", "SharpNES\SharpNES.csproj", "{98E78002-1BBF-4236-A6CC-15B836B5B041}"
EndProject
Project("{FAE04EC0-301F-11D3-BF4B-00C04F79EFBC}") = "SharpNES.UI", "SharpNES.UI\SharpNES.UI.csproj", "{AC66769B-68AC-4446-B92E-3FD9A37E7504}"
EndProject
Project("{FAE04EC0-301F-11D3-BF4B-00C04F79EFBC}") = "SharpNES.Test", "SharpNES.Test\SharpNES.Test.csproj", "{F59EC488-D82F-4295-868C-A126727BC0BD}"
EndProject
Global
	GlobalSection(SolutionConfigurationPlatforms) = preSolution
		Debug|Any CPU = Debug|Any CPU
		Release|Any CPU = Release|Any CPU
	EndGlobalSection
	GlobalSection(ProjectConfigurationPlatforms) = postSolution
		{98E78002-1BBF-4236-A6CC-15B836B5B041}.Debug|Any CPU.ActiveCfg = Debug|Any CPU
		{98E78002-1BBF-4236-A6CC-15B836B5B041}.Debug|Any CPU.Build.0 = Debug|Any CPU
		{98E78002-1BBF-4236-A6CC-15B836B5B041}.Release|Any CPU.ActiveCfg = Release|Any CPU
		{98E78002-1BBF-4236-A6CC-15B836B5B041}.Release|Any CPU.Build.0 = Release|Any CPU
		{AC66769B-68AC-4446-B92E-3FD9A37E7504}.Debug|Any CPU.ActiveCfg = Debug|Any CPU
		{AC66769B-68AC-4446-B92E-3FD9A37E7504}.Debug|Any CPU.Build.0 = Debug|Any CPU
		{AC66769B-68AC-4446-B92E-3FD9A37E7504}.Release|Any CPU.ActiveCfg = Release|Any CPU
		{AC66769B-68AC-4446-B92E-3FD9A37E7504}.Release|Any CPU.Build.0 = Release|Any CPU
		{F59EC488-D82F-4295-868C-A126727BC0BD}.Debug|Any CPU.ActiveCfg = Debug|Any CPU
		{F59EC488-D82F-4295-868C-A126727BC0BD}.Debug|Any CPU.Build.0 = Debug|Any CPU
		{F59EC488-D82F-4295-868C-A126727BC0BD}.Release|Any CPU.ActiveCfg = Release|Any CPU
		{F59EC488-D82F-4295-868C-A126727BC0BD}.Release|Any CPU.Build.0 = Release|Any CPU
	EndGlobalSection
	GlobalSection(SolutionProperties) = preSolution
		HideSolutionNode = FALSE
	EndGlobalSection
EndGlobal
